
Microsoft Visual Studio Solution File, Format Version 12.00
# Visual Studio 2013
VisualStudioVersion = 12.0.31101.0
MinimumVisualStudioVersion = 10.0.40219.1
Project("{FAE04EC0-301F-11D3-BF4B-00C04F79EFBC}") = "ParticleFilter", "ParticleFilter\ParticleFilter.csproj", "{0892D9DB-541B-42F7-A00C-973851DDADAC}"
EndProject
Project("{FAE04EC0-301F-11D3-BF4B-00C04F79EFBC}") = "ParticleFilterDemo", "ParticleFilterDemo\ParticleFilterDemo.csproj", "{195D4DFA-4D33-4C79-9818-D07FDF2804C4}"
EndProject
Global
	GlobalSection(SolutionConfigurationPlatforms) = preSolution
		Debug|Any CPU = Debug|Any CPU
		Release|Any CPU = Release|Any CPU
	EndGlobalSection
	GlobalSection(ProjectConfigurationPlatforms) = postSolution
		{0892D9DB-541B-42F7-A00C-973851DDADAC}.Debug|Any CPU.ActiveCfg = Debug|Any CPU
		{0892D9DB-541B-42F7-A00C-973851DDADAC}.Debug|Any CPU.Build.0 = Debug|Any CPU
		{0892D9DB-541B-42F7-A00C-973851DDADAC}.Release|Any CPU.ActiveCfg = Release|Any CPU
		{0892D9DB-541B-42F7-A00C-973851DDADAC}.Release|Any CPU.Build.0 = Release|Any CPU
		{195D4DFA-4D33-4C79-9818-D07FDF2804C4}.Debug|Any CPU.ActiveCfg = Debug|Any CPU
		{195D4DFA-4D33-4C79-9818-D07FDF2804C4}.Debug|Any CPU.Build.0 = Debug|Any CPU
		{195D4DFA-4D33-4C79-9818-D07FDF2804C4}.Release|Any CPU.ActiveCfg = Release|Any CPU
		{195D4DFA-4D33-4C79-9818-D07FDF2804C4}.Release|Any CPU.Build.0 = Release|Any CPU
	EndGlobalSection
	GlobalSection(SolutionProperties) = preSolution
		HideSolutionNode = FALSE
	EndGlobalSection
EndGlobal
